
Microsoft Visual Studio Solution File, Format Version 12.00
# Visual Studio 15
VisualStudioVersion = 15.0.27428.1
MinimumVisualStudioVersion = 10.0.40219.1
Project("{8BC9CEB8-8B4A-11D0-8D11-00A0C91BC942}") = "HW 1 - Ascii Art", "HW 1 - Ascii Art\HW 1 - Ascii Art.vcxproj", "{FBA2C691-0BCB-4676-BBB6-1AF5A821B799}"
EndProject
Global
	GlobalSection(SolutionConfigurationPlatforms) = preSolution
		Debug|x64 = Debug|x64
		Debug|x86 = Debug|x86
		Release|x64 = Release|x64
		Release|x86 = Release|x86
	EndGlobalSection
	GlobalSection(ProjectConfigurationPlatforms) = postSolution
		{FBA2C691-0BCB-4676-BBB6-1AF5A821B799}.Debug|x64.ActiveCfg = Debug|x64
		{FBA2C691-0BCB-4676-BBB6-1AF5A821B799}.Debug|x64.Build.0 = Debug|x64
		{FBA2C691-0BCB-4676-BBB6-1AF5A821B799}.Debug|x86.ActiveCfg = Debug|Win32
		{FBA2C691-0BCB-4676-BBB6-1AF5A821B799}.Debug|x86.Build.0 = Debug|Win32
		{FBA2C691-0BCB-4676-BBB6-1AF5A821B799}.Release|x64.ActiveCfg = Release|x64
		{FBA2C691-0BCB-4676-BBB6-1AF5A821B799}.Release|x64.Build.0 = Release|x64
		{FBA2C691-0BCB-4676-BBB6-1AF5A821B799}.Release|x86.ActiveCfg = Release|Win32
		{FBA2C691-0BCB-4676-BBB6-1AF5A821B799}.Release|x86.Build.0 = Release|Win32
	EndGlobalSection
	GlobalSection(SolutionProperties) = preSolution
		HideSolutionNode = FALSE
	EndGlobalSection
	GlobalSection(ExtensibilityGlobals) = postSolution
		SolutionGuid = {52112179-43A8-4EB2-AFEB-20B257565429}
	EndGlobalSection
EndGlobal
